
Microsoft Visual Studio Solution File, Format Version 12.00
# Visual Studio Version 16
VisualStudioVersion = 16.0.32106.194
MinimumVisualStudioVersion = 10.0.40219.1
Project("{FAE04EC0-301F-11D3-BF4B-00C04F79EFBC}") = "CursoCSharp", "CursoCSharp.csproj", "{8F06A115-4113-4D88-8023-7EB385137999}"
EndProject
Global
	GlobalSection(SolutionConfigurationPlatforms) = preSolution
		Debug|Any CPU = Debug|Any CPU
		Release|Any CPU = Release|Any CPU
	EndGlobalSection
	GlobalSection(ProjectConfigurationPlatforms) = postSolution
		{8F06A115-4113-4D88-8023-7EB385137999}.Debug|Any CPU.ActiveCfg = Debug|Any CPU
		{8F06A115-4113-4D88-8023-7EB385137999}.Debug|Any CPU.Build.0 = Debug|Any CPU
		{8F06A115-4113-4D88-8023-7EB385137999}.Release|Any CPU.ActiveCfg = Release|Any CPU
		{8F06A115-4113-4D88-8023-7EB385137999}.Release|Any CPU.Build.0 = Release|Any CPU
	EndGlobalSection
	GlobalSection(SolutionProperties) = preSolution
		HideSolutionNode = FALSE
	EndGlobalSection
	GlobalSection(ExtensibilityGlobals) = postSolution
		SolutionGuid = {126F3A24-E480-4C41-A883-EB06B0B3B7F0}
	EndGlobalSection
EndGlobal
